{
  "object": {
    "pins": [
      {
        "package": "Alamofire",
        "repositoryURL": "https://github.com/Alamofire/Alamofire.git",
        "state": {
          "branch": null,
          "revision": "f96b619bcb2383b43d898402283924b80e2c4bae",
          "version": "5.4.3"
        }
      },
      {
        "package": "DVTLoger",
        "repositoryURL": "https://github.com/darvintang/DVTLoger.git",
        "state": {
          "branch": null,
          "revision": "da0801d2827820fc8c001cc1aef50edf2bc50214",
          "version": "1.0.1"
        }
      },
      {
        "package": "DVTObjectMapper",
        "repositoryURL": "https://github.com/darvintang/DVTObjectMapper.git",
        "state": {
          "branch": null,
          "revision": "48b504367f6a9db1a5a0cefd8508a3caac033efc",
          "version": "4.2.1"
        }
      }
    ]
  },
  "version": 1
}
